
Microsoft Visual Studio Solution File, Format Version 12.00
# Visual Studio Version 16
VisualStudioVersion = 16.0.810.21
MinimumVisualStudioVersion = 10.0.40219.1
Project("{FAE04EC0-301F-11D3-BF4B-00C04F79EFBC}") = "ConsoleProject", "ConsoleProject\ConsoleProject.csproj", "{67A87501-6EF4-450A-86DE-A87E82304A3E}"
EndProject
Project("{FAE04EC0-301F-11D3-BF4B-00C04F79EFBC}") = "ConsoleProjectTests", "ConsoleProjectTests\ConsoleProjectTests.csproj", "{FD70C24E-09F5-4D62-9441-B5AE4A890B9B}"
EndProject
Global
	GlobalSection(SolutionConfigurationPlatforms) = preSolution
		Debug|Any CPU = Debug|Any CPU
		Release|Any CPU = Release|Any CPU
	EndGlobalSection
	GlobalSection(ProjectConfigurationPlatforms) = postSolution
		{67A87501-6EF4-450A-86DE-A87E82304A3E}.Debug|Any CPU.ActiveCfg = Debug|Any CPU
		{67A87501-6EF4-450A-86DE-A87E82304A3E}.Debug|Any CPU.Build.0 = Debug|Any CPU
		{67A87501-6EF4-450A-86DE-A87E82304A3E}.Release|Any CPU.ActiveCfg = Release|Any CPU
		{67A87501-6EF4-450A-86DE-A87E82304A3E}.Release|Any CPU.Build.0 = Release|Any CPU
		{FD70C24E-09F5-4D62-9441-B5AE4A890B9B}.Debug|Any CPU.ActiveCfg = Debug|Any CPU
		{FD70C24E-09F5-4D62-9441-B5AE4A890B9B}.Debug|Any CPU.Build.0 = Debug|Any CPU
		{FD70C24E-09F5-4D62-9441-B5AE4A890B9B}.Release|Any CPU.ActiveCfg = Release|Any CPU
		{FD70C24E-09F5-4D62-9441-B5AE4A890B9B}.Release|Any CPU.Build.0 = Release|Any CPU
	EndGlobalSection
	GlobalSection(SolutionProperties) = preSolution
		HideSolutionNode = FALSE
	EndGlobalSection
	GlobalSection(ExtensibilityGlobals) = postSolution
		SolutionGuid = {98081B65-CF33-4097-9730-BCE8B4ACC54C}
	EndGlobalSection
EndGlobal
